// !$*UTF8*$!
{
	archiveVersion = 1;
	classes = {
	};
	objectVersion = 56;
	objects = {

/* Begin PBXBuildFile section */
		CB15A3922C52A64100DE81D4 /* GoogleService-Info.plist in Resources */ = {isa = PBXBuildFile; fileRef = CB15A3912C52A64100DE81D4 /* GoogleService-Info.plist */; };
		CB21E5CE2C4519E3002F5CC9 /* MuseumTableViewCell.swift in Sources */ = {isa = PBXBuildFile; fileRef = CB21E5CD2C4519E3002F5CC9 /* MuseumTableViewCell.swift */; };
		CB31C30D2C428BC400C96C61 /* LogInPageViewDelegate.swift in Sources */ = {isa = PBXBuildFile; fileRef = CB31C30C2C428BC400C96C61 /* LogInPageViewDelegate.swift */; };
		CB31C30F2C42CACC00C96C61 /* RegisterViewPageDelegate.swift in Sources */ = {isa = PBXBuildFile; fileRef = CB31C30E2C42CACC00C96C61 /* RegisterViewPageDelegate.swift */; };
		CB31C3122C4314B800C96C61 /* TableViewCell.swift in Sources */ = {isa = PBXBuildFile; fileRef = CB31C3112C4314B800C96C61 /* TableViewCell.swift */; };
		CB31C3142C43161500C96C61 /* Model.swift in Sources */ = {isa = PBXBuildFile; fileRef = CB31C3132C43161500C96C61 /* Model.swift */; };
		CB4E4ED12C3C5A9900FAA3D3 /* WelcomePageVC.swift in Sources */ = {isa = PBXBuildFile; fileRef = CB4E4ED02C3C5A9900FAA3D3 /* WelcomePageVC.swift */; };
		CB4E4ED62C3C5ABF00FAA3D3 /* LogInPageVM.swift in Sources */ = {isa = PBXBuildFile; fileRef = CB4E4ED52C3C5ABF00FAA3D3 /* LogInPageVM.swift */; };
		CB4E4EDD2C3C5B2700FAA3D3 /* RegisterPageVM.swift in Sources */ = {isa = PBXBuildFile; fileRef = CB4E4EDC2C3C5B2700FAA3D3 /* RegisterPageVM.swift */; };
		CB4E4EDF2C3C803800FAA3D3 /* UiColor.swift in Sources */ = {isa = PBXBuildFile; fileRef = CB4E4EDE2C3C803800FAA3D3 /* UiColor.swift */; };
		CB4E4EE22C3C813C00FAA3D3 /* FrederickatheGreat-Regular.ttf in Resources */ = {isa = PBXBuildFile; fileRef = CB4E4EE12C3C813C00FAA3D3 /* FrederickatheGreat-Regular.ttf */; };
		CB59173E2C3DCCAD00289B28 /* RegisterPageView.swift in Sources */ = {isa = PBXBuildFile; fileRef = CB59173D2C3DCCAD00289B28 /* RegisterPageView.swift */; };
		CB6A5D362C316CEC000BF551 /* AppDelegate.swift in Sources */ = {isa = PBXBuildFile; fileRef = CB6A5D352C316CEC000BF551 /* AppDelegate.swift */; };
		CB6A5D382C316CEC000BF551 /* SceneDelegate.swift in Sources */ = {isa = PBXBuildFile; fileRef = CB6A5D372C316CEC000BF551 /* SceneDelegate.swift */; };
		CB6A5D3F2C316CED000BF551 /* Assets.xcassets in Resources */ = {isa = PBXBuildFile; fileRef = CB6A5D3E2C316CED000BF551 /* Assets.xcassets */; };
		CB6A5D422C316CED000BF551 /* Base in Resources */ = {isa = PBXBuildFile; fileRef = CB6A5D412C316CED000BF551 /* Base */; };
		CB6A5D622C316EFD000BF551 /* MainPageVC.swift in Sources */ = {isa = PBXBuildFile; fileRef = CB6A5D612C316EFD000BF551 /* MainPageVC.swift */; };
		CB6A5D702C316FD3000BF551 /* ArtifactsVC.swift in Sources */ = {isa = PBXBuildFile; fileRef = CB6A5D6F2C316FD3000BF551 /* ArtifactsVC.swift */; };
		CB6A5D722C316FDE000BF551 /* ArtifactsVM.swift in Sources */ = {isa = PBXBuildFile; fileRef = CB6A5D712C316FDE000BF551 /* ArtifactsVM.swift */; };
		CB6A5D742C316FF0000BF551 /* CityListPageVC.swift in Sources */ = {isa = PBXBuildFile; fileRef = CB6A5D732C316FF0000BF551 /* CityListPageVC.swift */; };
		CB6A5D762C316FFC000BF551 /* CityListPageVM.swift in Sources */ = {isa = PBXBuildFile; fileRef = CB6A5D752C316FFC000BF551 /* CityListPageVM.swift */; };
		CB6A5D782C31702F000BF551 /* CityMuseumsListPageVC.swift in Sources */ = {isa = PBXBuildFile; fileRef = CB6A5D772C31702F000BF551 /* CityMuseumsListPageVC.swift */; };
		CB6A5D7A2C31703E000BF551 /* CityMuseumsListPageVM.swift in Sources */ = {isa = PBXBuildFile; fileRef = CB6A5D792C31703E000BF551 /* CityMuseumsListPageVM.swift */; };
		CB6A5D7D2C31711A000BF551 /* SimpleNetworking in Frameworks */ = {isa = PBXBuildFile; productRef = CB6A5D7C2C31711A000BF551 /* SimpleNetworking */; };
		CB8F60D62C43D9670070468F /* UIImageView.swift in Sources */ = {isa = PBXBuildFile; fileRef = CB8F60D52C43D9670070468F /* UIImageView.swift */; };
		CBB4B5752C41496500B08562 /* RegisterPageVC.swift in Sources */ = {isa = PBXBuildFile; fileRef = CBB4B5742C41496500B08562 /* RegisterPageVC.swift */; };
		CBB4B5772C414CA600B08562 /* LogInPageView.swift in Sources */ = {isa = PBXBuildFile; fileRef = CBB4B5762C414CA600B08562 /* LogInPageView.swift */; };
		CBB4B5792C4152B400B08562 /* LogInPageVC.swift in Sources */ = {isa = PBXBuildFile; fileRef = CBB4B5782C4152B400B08562 /* LogInPageVC.swift */; };
		CBB4B57C2C4186FE00B08562 /* CustomTabBar.swift in Sources */ = {isa = PBXBuildFile; fileRef = CBB4B57B2C4186FE00B08562 /* CustomTabBar.swift */; };
		CBB4B57F2C41893500B08562 /* CustomTabBarController.swift in Sources */ = {isa = PBXBuildFile; fileRef = CBB4B57E2C41893500B08562 /* CustomTabBarController.swift */; };
		CBC2955E2C4806F700B1C7F9 /* ArtifactTableViewCell.swift in Sources */ = {isa = PBXBuildFile; fileRef = CBC2955D2C4806F700B1C7F9 /* ArtifactTableViewCell.swift */; };
		CBC778412C4B8EFF00021D9E /* MainPageViewModel.swift in Sources */ = {isa = PBXBuildFile; fileRef = CBC778402C4B8EFF00021D9E /* MainPageViewModel.swift */; };
		CBC778452C4C2ADA00021D9E /* ProfilePageVC.swift in Sources */ = {isa = PBXBuildFile; fileRef = CBC778442C4C2ADA00021D9E /* ProfilePageVC.swift */; };
		CBF9AB942C3FB8DB004CFBC0 /* FiraCode-Regular.ttf in Resources */ = {isa = PBXBuildFile; fileRef = CBF9AB932C3FB8DB004CFBC0 /* FiraCode-Regular.ttf */; };
/* End PBXBuildFile section */

/* Begin PBXFileReference section */
		CB15A3912C52A64100DE81D4 /* GoogleService-Info.plist */ = {isa = PBXFileReference; fileEncoding = 4; lastKnownFileType = text.plist.xml; path = "GoogleService-Info.plist"; sourceTree = "<group>"; };
		CB21E5CD2C4519E3002F5CC9 /* MuseumTableViewCell.swift */ = {isa = PBXFileReference; lastKnownFileType = sourcecode.swift; path = MuseumTableViewCell.swift; sourceTree = "<group>"; };
		CB31C30C2C428BC400C96C61 /* LogInPageViewDelegate.swift */ = {isa = PBXFileReference; lastKnownFileType = sourcecode.swift; path = LogInPageViewDelegate.swift; sourceTree = "<group>"; };
		CB31C30E2C42CACC00C96C61 /* RegisterViewPageDelegate.swift */ = {isa = PBXFileReference; lastKnownFileType = sourcecode.swift; path = RegisterViewPageDelegate.swift; sourceTree = "<group>"; };
		CB31C3112C4314B800C96C61 /* TableViewCell.swift */ = {isa = PBXFileReference; lastKnownFileType = sourcecode.swift; path = TableViewCell.swift; sourceTree = "<group>"; };
		CB31C3132C43161500C96C61 /* Model.swift */ = {isa = PBXFileReference; lastKnownFileType = sourcecode.swift; path = Model.swift; sourceTree = "<group>"; };
		CB4E4ED02C3C5A9900FAA3D3 /* WelcomePageVC.swift */ = {isa = PBXFileReference; lastKnownFileType = sourcecode.swift; path = WelcomePageVC.swift; sourceTree = "<group>"; };
		CB4E4ED52C3C5ABF00FAA3D3 /* LogInPageVM.swift */ = {isa = PBXFileReference; lastKnownFileType = sourcecode.swift; path = LogInPageVM.swift; sourceTree = "<group>"; };
		CB4E4EDC2C3C5B2700FAA3D3 /* RegisterPageVM.swift */ = {isa = PBXFileReference; lastKnownFileType = sourcecode.swift; path = RegisterPageVM.swift; sourceTree = "<group>"; };
		CB4E4EDE2C3C803800FAA3D3 /* UiColor.swift */ = {isa = PBXFileReference; lastKnownFileType = sourcecode.swift; path = UiColor.swift; sourceTree = "<group>"; };
		CB4E4EE12C3C813C00FAA3D3 /* FrederickatheGreat-Regular.ttf */ = {isa = PBXFileReference; lastKnownFileType = file; path = "FrederickatheGreat-Regular.ttf"; sourceTree = "<group>"; };
		CB59173D2C3DCCAD00289B28 /* RegisterPageView.swift */ = {isa = PBXFileReference; lastKnownFileType = sourcecode.swift; path = RegisterPageView.swift; sourceTree = "<group>"; };
		CB6A5D322C316CEC000BF551 /* CultureTrek.app */ = {isa = PBXFileReference; explicitFileType = wrapper.application; includeInIndex = 0; path = CultureTrek.app; sourceTree = BUILT_PRODUCTS_DIR; };
		CB6A5D352C316CEC000BF551 /* AppDelegate.swift */ = {isa = PBXFileReference; lastKnownFileType = sourcecode.swift; path = AppDelegate.swift; sourceTree = "<group>"; };
		CB6A5D372C316CEC000BF551 /* SceneDelegate.swift */ = {isa = PBXFileReference; lastKnownFileType = sourcecode.swift; path = SceneDelegate.swift; sourceTree = "<group>"; };
		CB6A5D3E2C316CED000BF551 /* Assets.xcassets */ = {isa = PBXFileReference; lastKnownFileType = folder.assetcatalog; path = Assets.xcassets; sourceTree = "<group>"; };
		CB6A5D412C316CED000BF551 /* Base */ = {isa = PBXFileReference; lastKnownFileType = file.storyboard; name = Base; path = Base.lproj/LaunchScreen.storyboard; sourceTree = "<group>"; };
		CB6A5D432C316CED000BF551 /* Info.plist */ = {isa = PBXFileReference; lastKnownFileType = text.plist.xml; path = Info.plist; sourceTree = "<group>"; };
		CB6A5D562C316D0C000BF551 /* CultureTrek copy-Info.plist */ = {isa = PBXFileReference; lastKnownFileType = text.plist.xml; name = "CultureTrek copy-Info.plist"; path = "/Users/giorgimichitashvili/Desktop/Developer/CultureTrek/CultureTrek/CultureTrek copy-Info.plist"; sourceTree = "<absolute>"; };
		CB6A5D612C316EFD000BF551 /* MainPageVC.swift */ = {isa = PBXFileReference; lastKnownFileType = sourcecode.swift; path = MainPageVC.swift; sourceTree = "<group>"; };
		CB6A5D6F2C316FD3000BF551 /* ArtifactsVC.swift */ = {isa = PBXFileReference; lastKnownFileType = sourcecode.swift; path = ArtifactsVC.swift; sourceTree = "<group>"; };
		CB6A5D712C316FDE000BF551 /* ArtifactsVM.swift */ = {isa = PBXFileReference; lastKnownFileType = sourcecode.swift; path = ArtifactsVM.swift; sourceTree = "<group>"; };
		CB6A5D732C316FF0000BF551 /* CityListPageVC.swift */ = {isa = PBXFileReference; lastKnownFileType = sourcecode.swift; path = CityListPageVC.swift; sourceTree = "<group>"; };
		CB6A5D752C316FFC000BF551 /* CityListPageVM.swift */ = {isa = PBXFileReference; lastKnownFileType = sourcecode.swift; path = CityListPageVM.swift; sourceTree = "<group>"; };
		CB6A5D772C31702F000BF551 /* CityMuseumsListPageVC.swift */ = {isa = PBXFileReference; lastKnownFileType = sourcecode.swift; path = CityMuseumsListPageVC.swift; sourceTree = "<group>"; };
		CB6A5D792C31703E000BF551 /* CityMuseumsListPageVM.swift */ = {isa = PBXFileReference; lastKnownFileType = sourcecode.swift; path = CityMuseumsListPageVM.swift; sourceTree = "<group>"; };
		CB8F60D52C43D9670070468F /* UIImageView.swift */ = {isa = PBXFileReference; lastKnownFileType = sourcecode.swift; path = UIImageView.swift; sourceTree = "<group>"; };
		CBB4B5742C41496500B08562 /* RegisterPageVC.swift */ = {isa = PBXFileReference; lastKnownFileType = sourcecode.swift; name = RegisterPageVC.swift; path = "CultureTrek/Log In Page/RegisterPageVC.swift"; sourceTree = SOURCE_ROOT; };
		CBB4B5762C414CA600B08562 /* LogInPageView.swift */ = {isa = PBXFileReference; lastKnownFileType = sourcecode.swift; path = LogInPageView.swift; sourceTree = "<group>"; };
		CBB4B5782C4152B400B08562 /* LogInPageVC.swift */ = {isa = PBXFileReference; lastKnownFileType = sourcecode.swift; path = LogInPageVC.swift; sourceTree = "<group>"; };
		CBB4B57B2C4186FE00B08562 /* CustomTabBar.swift */ = {isa = PBXFileReference; lastKnownFileType = sourcecode.swift; path = CustomTabBar.swift; sourceTree = "<group>"; };
		CBB4B57E2C41893500B08562 /* CustomTabBarController.swift */ = {isa = PBXFileReference; lastKnownFileType = sourcecode.swift; path = CustomTabBarController.swift; sourceTree = "<group>"; };
		CBC2955D2C4806F700B1C7F9 /* ArtifactTableViewCell.swift */ = {isa = PBXFileReference; lastKnownFileType = sourcecode.swift; path = ArtifactTableViewCell.swift; sourceTree = "<group>"; };
		CBC778402C4B8EFF00021D9E /* MainPageViewModel.swift */ = {isa = PBXFileReference; lastKnownFileType = sourcecode.swift; path = MainPageViewModel.swift; sourceTree = "<group>"; };
		CBC778442C4C2ADA00021D9E /* ProfilePageVC.swift */ = {isa = PBXFileReference; lastKnownFileType = sourcecode.swift; path = ProfilePageVC.swift; sourceTree = "<group>"; };
		CBF9AB932C3FB8DB004CFBC0 /* FiraCode-Regular.ttf */ = {isa = PBXFileReference; lastKnownFileType = file; path = "FiraCode-Regular.ttf"; sourceTree = "<group>"; };
/* End PBXFileReference section */

/* Begin PBXFrameworksBuildPhase section */
		CB6A5D2F2C316CEB000BF551 /* Frameworks */ = {
			isa = PBXFrameworksBuildPhase;
			buildActionMask = 2147483647;
			files = (
				CB6A5D7D2C31711A000BF551 /* SimpleNetworking in Frameworks */,
			);
			runOnlyForDeploymentPostprocessing = 0;
		};
/* End PBXFrameworksBuildPhase section */

/* Begin PBXGroup section */
		CB31C3102C43149800C96C61 /* Reusable Components */ = {
			isa = PBXGroup;
			children = (
				CB31C3112C4314B800C96C61 /* TableViewCell.swift */,
				CB8F60D52C43D9670070468F /* UIImageView.swift */,
				CB21E5CD2C4519E3002F5CC9 /* MuseumTableViewCell.swift */,
				CBC2955D2C4806F700B1C7F9 /* ArtifactTableViewCell.swift */,
			);
			path = "Reusable Components";
			sourceTree = "<group>";
		};
		CB4E4ECF2C3C5A7100FAA3D3 /* Welcome Page */ = {
			isa = PBXGroup;
			children = (
				CB4E4ED02C3C5A9900FAA3D3 /* WelcomePageVC.swift */,
			);
			path = "Welcome Page";
			sourceTree = "<group>";
		};
		CB4E4ED42C3C5AB100FAA3D3 /* Log In Page */ = {
			isa = PBXGroup;
			children = (
				CB4E4ED52C3C5ABF00FAA3D3 /* LogInPageVM.swift */,
				CBB4B5762C414CA600B08562 /* LogInPageView.swift */,
				CBB4B5782C4152B400B08562 /* LogInPageVC.swift */,
				CB31C30C2C428BC400C96C61 /* LogInPageViewDelegate.swift */,
			);
			path = "Log In Page";
			sourceTree = "<group>";
		};
		CB4E4ED92C3C5B0400FAA3D3 /* Register Page */ = {
			isa = PBXGroup;
			children = (
				CB4E4EDC2C3C5B2700FAA3D3 /* RegisterPageVM.swift */,
				CB59173D2C3DCCAD00289B28 /* RegisterPageView.swift */,
				CBB4B5742C41496500B08562 /* RegisterPageVC.swift */,
				CB31C30E2C42CACC00C96C61 /* RegisterViewPageDelegate.swift */,
			);
			path = "Register Page";
			sourceTree = "<group>";
		};
		CB4E4EE02C3C812E00FAA3D3 /* Fonts */ = {
			isa = PBXGroup;
			children = (
				CB4E4EE12C3C813C00FAA3D3 /* FrederickatheGreat-Regular.ttf */,
				CBF9AB932C3FB8DB004CFBC0 /* FiraCode-Regular.ttf */,
			);
			path = Fonts;
			sourceTree = "<group>";
		};
		CB6A5D292C316CEB000BF551 = {
			isa = PBXGroup;
			children = (
				CB6A5D342C316CEC000BF551 /* CultureTrek */,
				CB6A5D332C316CEC000BF551 /* Products */,
				CB6A5D562C316D0C000BF551 /* CultureTrek copy-Info.plist */,
			);
			sourceTree = "<group>";
		};
		CB6A5D332C316CEC000BF551 /* Products */ = {
			isa = PBXGroup;
			children = (
				CB6A5D322C316CEC000BF551 /* CultureTrek.app */,
			);
			name = Products;
			sourceTree = "<group>";
		};
		CB6A5D342C316CEC000BF551 /* CultureTrek */ = {
			isa = PBXGroup;
			children = (
				CB15A3912C52A64100DE81D4 /* GoogleService-Info.plist */,
				CB31C3102C43149800C96C61 /* Reusable Components */,
				CBB4B57D2C41891A00B08562 /* Tab Bar */,
				CB4E4EE02C3C812E00FAA3D3 /* Fonts */,
				CB4E4ED92C3C5B0400FAA3D3 /* Register Page */,
				CB4E4ED42C3C5AB100FAA3D3 /* Log In Page */,
				CB4E4ECF2C3C5A7100FAA3D3 /* Welcome Page */,
				CB6A5D5E2C316E48000BF551 /* Supporting */,
				CB6A5D5D2C316E3B000BF551 /* City Museums List Page */,
				CB6A5D5C2C316E33000BF551 /* City List Page */,
				CB6A5D5B2C316E2B000BF551 /* Artifacts Page */,
				CB6A5D582C316DBD000BF551 /* Favorites Page */,
				CB6A5D572C316DB4000BF551 /* Main Page */,
				CB6A5D432C316CED000BF551 /* Info.plist */,
			);
			path = CultureTrek;
			sourceTree = "<group>";
		};
		CB6A5D572C316DB4000BF551 /* Main Page */ = {
			isa = PBXGroup;
			children = (
				CB6A5D612C316EFD000BF551 /* MainPageVC.swift */,
				CBC778402C4B8EFF00021D9E /* MainPageViewModel.swift */,
			);
			path = "Main Page";
			sourceTree = "<group>";
		};
		CB6A5D582C316DBD000BF551 /* Favorites Page */ = {
			isa = PBXGroup;
			children = (
				CBC778442C4C2ADA00021D9E /* ProfilePageVC.swift */,
			);
			path = "Favorites Page";
			sourceTree = "<group>";
		};
		CB6A5D5B2C316E2B000BF551 /* Artifacts Page */ = {
			isa = PBXGroup;
			children = (
				CB6A5D6F2C316FD3000BF551 /* ArtifactsVC.swift */,
				CB6A5D712C316FDE000BF551 /* ArtifactsVM.swift */,
			);
			path = "Artifacts Page";
			sourceTree = "<group>";
		};
		CB6A5D5C2C316E33000BF551 /* City List Page */ = {
			isa = PBXGroup;
			children = (
				CB6A5D732C316FF0000BF551 /* CityListPageVC.swift */,
				CB6A5D752C316FFC000BF551 /* CityListPageVM.swift */,
			);
			path = "City List Page";
			sourceTree = "<group>";
		};
		CB6A5D5D2C316E3B000BF551 /* City Museums List Page */ = {
			isa = PBXGroup;
			children = (
				CB6A5D772C31702F000BF551 /* CityMuseumsListPageVC.swift */,
				CB6A5D792C31703E000BF551 /* CityMuseumsListPageVM.swift */,
			);
			path = "City Museums List Page";
			sourceTree = "<group>";
		};
		CB6A5D5E2C316E48000BF551 /* Supporting */ = {
			isa = PBXGroup;
			children = (
				CB31C3132C43161500C96C61 /* Model.swift */,
				CB6A5D3E2C316CED000BF551 /* Assets.xcassets */,
				CB6A5D352C316CEC000BF551 /* AppDelegate.swift */,
				CB6A5D372C316CEC000BF551 /* SceneDelegate.swift */,
				CB6A5D402C316CED000BF551 /* LaunchScreen.storyboard */,
				CB4E4EDE2C3C803800FAA3D3 /* UiColor.swift */,
			);
			path = Supporting;
			sourceTree = "<group>";
		};
		CBB4B57D2C41891A00B08562 /* Tab Bar */ = {
			isa = PBXGroup;
			children = (
				CBB4B57B2C4186FE00B08562 /* CustomTabBar.swift */,
				CBB4B57E2C41893500B08562 /* CustomTabBarController.swift */,
			);
			path = "Tab Bar";
			sourceTree = "<group>";
		};
/* End PBXGroup section */

/* Begin PBXNativeTarget section */
		CB6A5D312C316CEB000BF551 /* CultureTrek */ = {
			isa = PBXNativeTarget;
			buildConfigurationList = CB6A5D462C316CED000BF551 /* Build configuration list for PBXNativeTarget "CultureTrek" */;
			buildPhases = (
				CB6A5D2E2C316CEB000BF551 /* Sources */,
				CB6A5D2F2C316CEB000BF551 /* Frameworks */,
				CB6A5D302C316CEB000BF551 /* Resources */,
			);
			buildRules = (
			);
			dependencies = (
			);
			name = CultureTrek;
			packageProductDependencies = (
				CB6A5D7C2C31711A000BF551 /* SimpleNetworking */,
			);
			productName = CultureTrek;
			productReference = CB6A5D322C316CEC000BF551 /* CultureTrek.app */;
			productType = "com.apple.product-type.application";
		};
/* End PBXNativeTarget section */

/* Begin PBXProject section */
		CB6A5D2A2C316CEB000BF551 /* Project object */ = {
			isa = PBXProject;
			attributes = {
				BuildIndependentTargetsInParallel = 1;
				LastSwiftUpdateCheck = 1540;
				LastUpgradeCheck = 1540;
				TargetAttributes = {
					CB6A5D312C316CEB000BF551 = {
						CreatedOnToolsVersion = 15.4;
					};
				};
			};
			buildConfigurationList = CB6A5D2D2C316CEB000BF551 /* Build configuration list for PBXProject "CultureTrek" */;
			compatibilityVersion = "Xcode 14.0";
			developmentRegion = en;
			hasScannedForEncodings = 0;
			knownRegions = (
				en,
				Base,
			);
			mainGroup = CB6A5D292C316CEB000BF551;
			packageReferences = (
				CB6A5D7B2C31711A000BF551 /* XCRemoteSwiftPackageReference "SimpleNetworking" */,
			);
			productRefGroup = CB6A5D332C316CEC000BF551 /* Products */;
			projectDirPath = "";
			projectRoot = "";
			targets = (
				CB6A5D312C316CEB000BF551 /* CultureTrek */,
			);
		};
/* End PBXProject section */

/* Begin PBXResourcesBuildPhase section */
		CB6A5D302C316CEB000BF551 /* Resources */ = {
			isa = PBXResourcesBuildPhase;
			buildActionMask = 2147483647;
			files = (
				CBF9AB942C3FB8DB004CFBC0 /* FiraCode-Regular.ttf in Resources */,
				CB6A5D3F2C316CED000BF551 /* Assets.xcassets in Resources */,
				CB15A3922C52A64100DE81D4 /* GoogleService-Info.plist in Resources */,
				CB6A5D422C316CED000BF551 /* Base in Resources */,
				CB4E4EE22C3C813C00FAA3D3 /* FrederickatheGreat-Regular.ttf in Resources */,
			);
			runOnlyForDeploymentPostprocessing = 0;
		};
/* End PBXResourcesBuildPhase section */

/* Begin PBXSourcesBuildPhase section */
		CB6A5D2E2C316CEB000BF551 /* Sources */ = {
			isa = PBXSourcesBuildPhase;
			buildActionMask = 2147483647;
			files = (
				CB4E4EDD2C3C5B2700FAA3D3 /* RegisterPageVM.swift in Sources */,
				CB6A5D742C316FF0000BF551 /* CityListPageVC.swift in Sources */,
				CB6A5D702C316FD3000BF551 /* ArtifactsVC.swift in Sources */,
				CBB4B5792C4152B400B08562 /* LogInPageVC.swift in Sources */,
				CB31C30D2C428BC400C96C61 /* LogInPageViewDelegate.swift in Sources */,
				CB31C3122C4314B800C96C61 /* TableViewCell.swift in Sources */,
				CBB4B57C2C4186FE00B08562 /* CustomTabBar.swift in Sources */,
				CBC2955E2C4806F700B1C7F9 /* ArtifactTableViewCell.swift in Sources */,
				CB6A5D7A2C31703E000BF551 /* CityMuseumsListPageVM.swift in Sources */,
				CB6A5D782C31702F000BF551 /* CityMuseumsListPageVC.swift in Sources */,
				CB6A5D722C316FDE000BF551 /* ArtifactsVM.swift in Sources */,
				CBB4B57F2C41893500B08562 /* CustomTabBarController.swift in Sources */,
				CB59173E2C3DCCAD00289B28 /* RegisterPageView.swift in Sources */,
				CB8F60D62C43D9670070468F /* UIImageView.swift in Sources */,
				CB6A5D622C316EFD000BF551 /* MainPageVC.swift in Sources */,
				CB21E5CE2C4519E3002F5CC9 /* MuseumTableViewCell.swift in Sources */,
				CB6A5D762C316FFC000BF551 /* CityListPageVM.swift in Sources */,
				CBC778452C4C2ADA00021D9E /* ProfilePageVC.swift in Sources */,
				CB4E4ED12C3C5A9900FAA3D3 /* WelcomePageVC.swift in Sources */,
				CB6A5D362C316CEC000BF551 /* AppDelegate.swift in Sources */,
				CB6A5D382C316CEC000BF551 /* SceneDelegate.swift in Sources */,
				CBB4B5772C414CA600B08562 /* LogInPageView.swift in Sources */,
				CBC778412C4B8EFF00021D9E /* MainPageViewModel.swift in Sources */,
				CB31C30F2C42CACC00C96C61 /* RegisterViewPageDelegate.swift in Sources */,
				CB31C3142C43161500C96C61 /* Model.swift in Sources */,
				CB4E4EDF2C3C803800FAA3D3 /* UiColor.swift in Sources */,
				CBB4B5752C41496500B08562 /* RegisterPageVC.swift in Sources */,
				CB4E4ED62C3C5ABF00FAA3D3 /* LogInPageVM.swift in Sources */,
			);
			runOnlyForDeploymentPostprocessing = 0;
		};
/* End PBXSourcesBuildPhase section */

/* Begin PBXVariantGroup section */
		CB6A5D402C316CED000BF551 /* LaunchScreen.storyboard */ = {
			isa = PBXVariantGroup;
			children = (
				CB6A5D412C316CED000BF551 /* Base */,
			);
			name = LaunchScreen.storyboard;
			sourceTree = "<group>";
		};
/* End PBXVariantGroup section */

/* Begin XCBuildConfiguration section */
		CB6A5D442C316CED000BF551 /* Debug */ = {
			isa = XCBuildConfiguration;
			buildSettings = {
				ALWAYS_SEARCH_USER_PATHS = NO;
				ASSETCATALOG_COMPILER_GENERATE_SWIFT_ASSET_SYMBOL_EXTENSIONS = YES;
				CLANG_ANALYZER_NONNULL = YES;
				CLANG_ANALYZER_NUMBER_OBJECT_CONVERSION = YES_AGGRESSIVE;
				CLANG_CXX_LANGUAGE_STANDARD = "gnu++20";
				CLANG_ENABLE_MODULES = YES;
				CLANG_ENABLE_OBJC_ARC = YES;
				CLANG_ENABLE_OBJC_WEAK = YES;
				CLANG_WARN_BLOCK_CAPTURE_AUTORELEASING = YES;
				CLANG_WARN_BOOL_CONVERSION = YES;
				CLANG_WARN_COMMA = YES;
				CLANG_WARN_CONSTANT_CONVERSION = YES;
				CLANG_WARN_DEPRECATED_OBJC_IMPLEMENTATIONS = YES;
				CLANG_WARN_DIRECT_OBJC_ISA_USAGE = YES_ERROR;
				CLANG_WARN_DOCUMENTATION_COMMENTS = YES;
				CLANG_WARN_EMPTY_BODY = YES;
				CLANG_WARN_ENUM_CONVERSION = YES;
				CLANG_WARN_INFINITE_RECURSION = YES;
				CLANG_WARN_INT_CONVERSION = YES;
				CLANG_WARN_NON_LITERAL_NULL_CONVERSION = YES;
				CLANG_WARN_OBJC_IMPLICIT_RETAIN_SELF = YES;
				CLANG_WARN_OBJC_LITERAL_CONVERSION = YES;
				CLANG_WARN_OBJC_ROOT_CLASS = YES_ERROR;
				CLANG_WARN_QUOTED_INCLUDE_IN_FRAMEWORK_HEADER = YES;
				CLANG_WARN_RANGE_LOOP_ANALYSIS = YES;
				CLANG_WARN_STRICT_PROTOTYPES = YES;
				CLANG_WARN_SUSPICIOUS_MOVE = YES;
				CLANG_WARN_UNGUARDED_AVAILABILITY = YES_AGGRESSIVE;
				CLANG_WARN_UNREACHABLE_CODE = YES;
				CLANG_WARN__DUPLICATE_METHOD_MATCH = YES;
				COPY_PHASE_STRIP = NO;
				DEBUG_INFORMATION_FORMAT = dwarf;
				ENABLE_STRICT_OBJC_MSGSEND = YES;
				ENABLE_TESTABILITY = YES;
				ENABLE_USER_SCRIPT_SANDBOXING = YES;
				GCC_C_LANGUAGE_STANDARD = gnu17;
				GCC_DYNAMIC_NO_PIC = NO;
				GCC_NO_COMMON_BLOCKS = YES;
				GCC_OPTIMIZATION_LEVEL = 0;
				GCC_PREPROCESSOR_DEFINITIONS = (
					"DEBUG=1",
					"$(inherited)",
				);
				GCC_WARN_64_TO_32_BIT_CONVERSION = YES;
				GCC_WARN_ABOUT_RETURN_TYPE = YES_ERROR;
				GCC_WARN_UNDECLARED_SELECTOR = YES;
				GCC_WARN_UNINITIALIZED_AUTOS = YES_AGGRESSIVE;
				GCC_WARN_UNUSED_FUNCTION = YES;
				GCC_WARN_UNUSED_VARIABLE = YES;
				IPHONEOS_DEPLOYMENT_TARGET = 17.5;
				LOCALIZATION_PREFERS_STRING_CATALOGS = YES;
				MTL_ENABLE_DEBUG_INFO = INCLUDE_SOURCE;
				MTL_FAST_MATH = YES;
				ONLY_ACTIVE_ARCH = YES;
				SDKROOT = iphoneos;
				SWIFT_ACTIVE_COMPILATION_CONDITIONS = "DEBUG $(inherited)";
				SWIFT_OPTIMIZATION_LEVEL = "-Onone";
			};
			name = Debug;
		};
		CB6A5D452C316CED000BF551 /* Release */ = {
			isa = XCBuildConfiguration;
			buildSettings = {
				ALWAYS_SEARCH_USER_PATHS = NO;
				ASSETCATALOG_COMPILER_GENERATE_SWIFT_ASSET_SYMBOL_EXTENSIONS = YES;
				CLANG_ANALYZER_NONNULL = YES;
				CLANG_ANALYZER_NUMBER_OBJECT_CONVERSION = YES_AGGRESSIVE;
				CLANG_CXX_LANGUAGE_STANDARD = "gnu++20";
				CLANG_ENABLE_MODULES = YES;
				CLANG_ENABLE_OBJC_ARC = YES;
				CLANG_ENABLE_OBJC_WEAK = YES;
				CLANG_WARN_BLOCK_CAPTURE_AUTORELEASING = YES;
				CLANG_WARN_BOOL_CONVERSION = YES;
				CLANG_WARN_COMMA = YES;
				CLANG_WARN_CONSTANT_CONVERSION = YES;
				CLANG_WARN_DEPRECATED_OBJC_IMPLEMENTATIONS = YES;
				CLANG_WARN_DIRECT_OBJC_ISA_USAGE = YES_ERROR;
				CLANG_WARN_DOCUMENTATION_COMMENTS = YES;
				CLANG_WARN_EMPTY_BODY = YES;
				CLANG_WARN_ENUM_CONVERSION = YES;
				CLANG_WARN_INFINITE_RECURSION = YES;
				CLANG_WARN_INT_CONVERSION = YES;
				CLANG_WARN_NON_LITERAL_NULL_CONVERSION = YES;
				CLANG_WARN_OBJC_IMPLICIT_RETAIN_SELF = YES;
				CLANG_WARN_OBJC_LITERAL_CONVERSION = YES;
				CLANG_WARN_OBJC_ROOT_CLASS = YES_ERROR;
				CLANG_WARN_QUOTED_INCLUDE_IN_FRAMEWORK_HEADER = YES;
				CLANG_WARN_RANGE_LOOP_ANALYSIS = YES;
				CLANG_WARN_STRICT_PROTOTYPES = YES;
				CLANG_WARN_SUSPICIOUS_MOVE = YES;
				CLANG_WARN_UNGUARDED_AVAILABILITY = YES_AGGRESSIVE;
				CLANG_WARN_UNREACHABLE_CODE = YES;
				CLANG_WARN__DUPLICATE_METHOD_MATCH = YES;
				COPY_PHASE_STRIP = NO;
				DEBUG_INFORMATION_FORMAT = "dwarf-with-dsym";
				ENABLE_NS_ASSERTIONS = NO;
				ENABLE_STRICT_OBJC_MSGSEND = YES;
				ENABLE_USER_SCRIPT_SANDBOXING = YES;
				GCC_C_LANGUAGE_STANDARD = gnu17;
				GCC_NO_COMMON_BLOCKS = YES;
				GCC_WARN_64_TO_32_BIT_CONVERSION = YES;
				GCC_WARN_ABOUT_RETURN_TYPE = YES_ERROR;
				GCC_WARN_UNDECLARED_SELECTOR = YES;
				GCC_WARN_UNINITIALIZED_AUTOS = YES_AGGRESSIVE;
				GCC_WARN_UNUSED_FUNCTION = YES;
				GCC_WARN_UNUSED_VARIABLE = YES;
				IPHONEOS_DEPLOYMENT_TARGET = 17.5;
				LOCALIZATION_PREFERS_STRING_CATALOGS = YES;
				MTL_ENABLE_DEBUG_INFO = NO;
				MTL_FAST_MATH = YES;
				SDKROOT = iphoneos;
				SWIFT_COMPILATION_MODE = wholemodule;
				VALIDATE_PRODUCT = YES;
			};
			name = Release;
		};
		CB6A5D472C316CED000BF551 /* Debug */ = {
			isa = XCBuildConfiguration;
			buildSettings = {
				ASSETCATALOG_COMPILER_APPICON_NAME = AppIcon;
				ASSETCATALOG_COMPILER_GLOBAL_ACCENT_COLOR_NAME = AccentColor;
				CODE_SIGN_STYLE = Automatic;
				CURRENT_PROJECT_VERSION = 1;
				GENERATE_INFOPLIST_FILE = YES;
				INFOPLIST_FILE = CultureTrek/Info.plist;
				INFOPLIST_KEY_UIApplicationSupportsIndirectInputEvents = YES;
				INFOPLIST_KEY_UILaunchStoryboardName = LaunchScreen;
				INFOPLIST_KEY_UISupportedInterfaceOrientations_iPad = "UIInterfaceOrientationPortrait UIInterfaceOrientationPortraitUpsideDown UIInterfaceOrientationLandscapeLeft UIInterfaceOrientationLandscapeRight";
				INFOPLIST_KEY_UISupportedInterfaceOrientations_iPhone = "UIInterfaceOrientationPortrait UIInterfaceOrientationLandscapeLeft UIInterfaceOrientationLandscapeRight";
				LD_RUNPATH_SEARCH_PATHS = (
					"$(inherited)",
					"@executable_path/Frameworks",
				);
				MARKETING_VERSION = 1.0;
				PRODUCT_BUNDLE_IDENTIFIER = tbc.CultureTrek;
				PRODUCT_NAME = "$(TARGET_NAME)";
				SWIFT_EMIT_LOC_STRINGS = YES;
				SWIFT_VERSION = 5.0;
				TARGETED_DEVICE_FAMILY = "1,2";
			};
			name = Debug;
		};
		CB6A5D482C316CED000BF551 /* Release */ = {
			isa = XCBuildConfiguration;
			buildSettings = {
				ASSETCATALOG_COMPILER_APPICON_NAME = AppIcon;
				ASSETCATALOG_COMPILER_GLOBAL_ACCENT_COLOR_NAME = AccentColor;
				CODE_SIGN_STYLE = Automatic;
				CURRENT_PROJECT_VERSION = 1;
				GENERATE_INFOPLIST_FILE = YES;
				INFOPLIST_FILE = CultureTrek/Info.plist;
				INFOPLIST_KEY_UIApplicationSupportsIndirectInputEvents = YES;
				INFOPLIST_KEY_UILaunchStoryboardName = LaunchScreen;
				INFOPLIST_KEY_UISupportedInterfaceOrientations_iPad = "UIInterfaceOrientationPortrait UIInterfaceOrientationPortraitUpsideDown UIInterfaceOrientationLandscapeLeft UIInterfaceOrientationLandscapeRight";
				INFOPLIST_KEY_UISupportedInterfaceOrientations_iPhone = "UIInterfaceOrientationPortrait UIInterfaceOrientationLandscapeLeft UIInterfaceOrientationLandscapeRight";
				LD_RUNPATH_SEARCH_PATHS = (
					"$(inherited)",
					"@executable_path/Frameworks",
				);
				MARKETING_VERSION = 1.0;
				PRODUCT_BUNDLE_IDENTIFIER = tbc.CultureTrek;
				PRODUCT_NAME = "$(TARGET_NAME)";
				SWIFT_EMIT_LOC_STRINGS = YES;
				SWIFT_VERSION = 5.0;
				TARGETED_DEVICE_FAMILY = "1,2";
			};
			name = Release;
		};
/* End XCBuildConfiguration section */

/* Begin XCConfigurationList section */
		CB6A5D2D2C316CEB000BF551 /* Build configuration list for PBXProject "CultureTrek" */ = {
			isa = XCConfigurationList;
			buildConfigurations = (
				CB6A5D442C316CED000BF551 /* Debug */,
				CB6A5D452C316CED000BF551 /* Release */,
			);
			defaultConfigurationIsVisible = 0;
			defaultConfigurationName = Release;
		};
		CB6A5D462C316CED000BF551 /* Build configuration list for PBXNativeTarget "CultureTrek" */ = {
			isa = XCConfigurationList;
			buildConfigurations = (
				CB6A5D472C316CED000BF551 /* Debug */,
				CB6A5D482C316CED000BF551 /* Release */,
			);
			defaultConfigurationIsVisible = 0;
			defaultConfigurationName = Release;
		};
/* End XCConfigurationList section */

/* Begin XCRemoteSwiftPackageReference section */
		CB6A5D7B2C31711A000BF551 /* XCRemoteSwiftPackageReference "SimpleNetworking" */ = {
			isa = XCRemoteSwiftPackageReference;
			repositoryURL = "https://github.com/GujMeister/SimpleNetworking";
			requirement = {
				branch = main;
				kind = branch;
			};
		};
/* End XCRemoteSwiftPackageReference section */

/* Begin XCSwiftPackageProductDependency section */
		CB6A5D7C2C31711A000BF551 /* SimpleNetworking */ = {
			isa = XCSwiftPackageProductDependency;
			package = CB6A5D7B2C31711A000BF551 /* XCRemoteSwiftPackageReference "SimpleNetworking" */;
			productName = SimpleNetworking;
		};
/* End XCSwiftPackageProductDependency section */
	};
	rootObject = CB6A5D2A2C316CEB000BF551 /* Project object */;
}
